{
    "version": 4,
    "terraform_version": "1.1.7",
    "serial": 4,
    "lineage": "ea9ecaef-c4c7-39fc-5591-8f99c938016c",
    "outputs": {},
    "resources": [
      {
        "mode": "managed",
        "type": "linode_instance",
        "name": "logging",
        "provider": "provider[\"registry.terraform.io/linode/linode\"]",
        "instances": [
          {
            "schema_version": 0,
            "attributes": {
              "alerts": [
                {
                  "cpu": 90,
                  "io": 10000,
                  "network_in": 10,
                  "network_out": 10,
                  "transfer_quota": 80
                }
              ],
              "authorized_keys": null,
              "authorized_users": null,
              "backup_id": null,
              "backups": [
                {
                  "enabled": false,
                  "schedule": [
                    {
                      "day": "",
                      "window": ""
                    }
                  ]
                }
              ],
              "backups_enabled": null,
              "boot_config_label": "My Ubuntu 18.04 LTS Disk Profile",
              "config": [
                {
                  "comments": "",
                  "devices": [
                    {
                      "sda": [
                        {
                          "disk_id": 71615069,
                          "disk_label": "Ubuntu 18.04 LTS Disk",
                          "volume_id": 0
                        }
                      ],
                      "sdb": [
                        {
                          "disk_id": 71615070,
                          "disk_label": "512 MB Swap Image",
                          "volume_id": 0
                        }
                      ],
                      "sdc": [],
                      "sdd": [],
                      "sde": [],
                      "sdf": [],
                      "sdg": [],
                      "sdh": []
                    }
                  ],
                  "helpers": [
                    {
                      "devtmpfs_automount": true,
                      "distro": true,
                      "modules_dep": true,
                      "network": true,
                      "updatedb_disabled": true
                    }
                  ],
                  "kernel": "linode/grub2",
                  "label": "My Ubuntu 18.04 LTS Disk Profile",
                  "memory_limit": 0,
                  "root_device": "/dev/sda",
                  "run_level": "default",
                  "virt_mode": "paravirt"
                }
              ],
              "disk": [
                {
                  "authorized_keys": [],
                  "authorized_users": [],
                  "filesystem": "ext4",
                  "id": 71615069,
                  "image": "",
                  "label": "Ubuntu 18.04 LTS Disk",
                  "read_only": false,
                  "root_pass": "",
                  "size": 50688,
                  "stackscript_data": {},
                  "stackscript_id": 0
                },
                {
                  "authorized_keys": [],
                  "authorized_users": [],
                  "filesystem": "swap",
                  "id": 71615070,
                  "image": "",
                  "label": "512 MB Swap Image",
                  "read_only": false,
                  "root_pass": "",
                  "size": 512,
                  "stackscript_data": {},
                  "stackscript_id": 0
                }
              ],
              "group": "",
              "id": "35619364",
              "image": "linode/ubuntu18.04",
              "ip_address": "69.164.198.96",
              "ipv4": [
                "69.164.198.96"
              ],
              "ipv6": "2600:3c00::f03c:93ff:fe9b:3232/128",
              "label": "logging",
              "private_ip": false,
              "private_ip_address": null,
              "region": "us-central",
              "root_pass": "jjoNcNsFjEXef3EkUlh4D6dPgnVA6BqjZE2NIdDcehxJ4mMb3emXK+61OupW/i/g7Jmxqv/xMwb1oPzHHxg6zQ==",
              "specs": [
                {
                  "disk": 51200,
                  "memory": 2048,
                  "transfer": 2000,
                  "vcpus": 1
                }
              ],
              "stackscript_data": null,
              "stackscript_id": null,
              "status": "running",
              "swap_size": 512,
              "tags": null,
              "timeouts": null,
              "type": "g6-standard-1",
              "watchdog_enabled": true
            },
            "sensitive_attributes": [],
            "private": "eyJlMmJmYjczMC1lY2FhLTExZTYtOGY4OC0zNDM2M2JjN2M0YzAiOnsiY3JlYXRlIjo2MDAwMDAwMDAwMDAsImRlbGV0ZSI6NjAwMDAwMDAwMDAwLCJ1cGRhdGUiOjEyMDAwMDAwMDAwMDB9fQ=="
          }
        ]
      },
      {
        "mode": "managed",
        "type": "linode_instance",
        "name": "monitoring",
        "provider": "provider[\"registry.terraform.io/linode/linode\"]",
        "instances": [
          {
            "schema_version": 0,
            "attributes": {
              "alerts": [
                {
                  "cpu": 90,
                  "io": 10000,
                  "network_in": 10,
                  "network_out": 10,
                  "transfer_quota": 80
                }
              ],
              "authorized_keys": null,
              "authorized_users": null,
              "backup_id": null,
              "backups": [
                {
                  "enabled": false,
                  "schedule": [
                    {
                      "day": "",
                      "window": ""
                    }
                  ]
                }
              ],
              "backups_enabled": null,
              "boot_config_label": "My Ubuntu 18.04 LTS Disk Profile",
              "config": [
                {
                  "comments": "",
                  "devices": [
                    {
                      "sda": [
                        {
                          "disk_id": 71615063,
                          "disk_label": "Ubuntu 18.04 LTS Disk",
                          "volume_id": 0
                        }
                      ],
                      "sdb": [
                        {
                          "disk_id": 71615064,
                          "disk_label": "512 MB Swap Image",
                          "volume_id": 0
                        }
                      ],
                      "sdc": [],
                      "sdd": [],
                      "sde": [],
                      "sdf": [],
                      "sdg": [],
                      "sdh": []
                    }
                  ],
                  "helpers": [
                    {
                      "devtmpfs_automount": true,
                      "distro": true,
                      "modules_dep": true,
                      "network": true,
                      "updatedb_disabled": true
                    }
                  ],
                  "kernel": "linode/grub2",
                  "label": "My Ubuntu 18.04 LTS Disk Profile",
                  "memory_limit": 0,
                  "root_device": "/dev/sda",
                  "run_level": "default",
                  "virt_mode": "paravirt"
                }
              ],
              "disk": [
                {
                  "authorized_keys": [],
                  "authorized_users": [],
                  "filesystem": "ext4",
                  "id": 71615063,
                  "image": "",
                  "label": "Ubuntu 18.04 LTS Disk",
                  "read_only": false,
                  "root_pass": "",
                  "size": 50688,
                  "stackscript_data": {},
                  "stackscript_id": 0
                },
                {
                  "authorized_keys": [],
                  "authorized_users": [],
                  "filesystem": "swap",
                  "id": 71615064,
                  "image": "",
                  "label": "512 MB Swap Image",
                  "read_only": false,
                  "root_pass": "",
                  "size": 512,
                  "stackscript_data": {},
                  "stackscript_id": 0
                }
              ],
              "group": "",
              "id": "35619362",
              "image": "linode/ubuntu18.04",
              "ip_address": "23.239.26.36",
              "ipv4": [
                "23.239.26.36"
              ],
              "ipv6": "2600:3c00::f03c:93ff:fe9b:3228/128",
              "label": "monitoring",
              "private_ip": false,
              "private_ip_address": null,
              "region": "us-central",
              "root_pass": "jjoNcNsFjEXef3EkUlh4D6dPgnVA6BqjZE2NIdDcehxJ4mMb3emXK+61OupW/i/g7Jmxqv/xMwb1oPzHHxg6zQ==",
              "specs": [
                {
                  "disk": 51200,
                  "memory": 2048,
                  "transfer": 2000,
                  "vcpus": 1
                }
              ],
              "stackscript_data": null,
              "stackscript_id": null,
              "status": "running",
              "swap_size": 512,
              "tags": null,
              "timeouts": null,
              "type": "g6-standard-1",
              "watchdog_enabled": true
            },
            "sensitive_attributes": [],
            "private": "eyJlMmJmYjczMC1lY2FhLTExZTYtOGY4OC0zNDM2M2JjN2M0YzAiOnsiY3JlYXRlIjo2MDAwMDAwMDAwMDAsImRlbGV0ZSI6NjAwMDAwMDAwMDAwLCJ1cGRhdGUiOjEyMDAwMDAwMDAwMDB9fQ=="
          }
        ]
      },
      {
        "mode": "managed",
        "type": "linode_instance",
        "name": "zeigeist",
        "provider": "provider[\"registry.terraform.io/linode/linode\"]",
        "instances": [
          {
            "schema_version": 0,
            "attributes": {
              "alerts": [
                {
                  "cpu": 90,
                  "io": 10000,
                  "network_in": 10,
                  "network_out": 10,
                  "transfer_quota": 80
                }
              ],
              "authorized_keys": null,
              "authorized_users": null,
              "backup_id": null,
              "backups": [
                {
                  "enabled": false,
                  "schedule": [
                    {
                      "day": "",
                      "window": ""
                    }
                  ]
                }
              ],
              "backups_enabled": null,
              "boot_config_label": "My Ubuntu 18.04 LTS Disk Profile",
              "config": [
                {
                  "comments": "",
                  "devices": [
                    {
                      "sda": [
                        {
                          "disk_id": 71615073,
                          "disk_label": "Ubuntu 18.04 LTS Disk",
                          "volume_id": 0
                        }
                      ],
                      "sdb": [
                        {
                          "disk_id": 71615074,
                          "disk_label": "512 MB Swap Image",
                          "volume_id": 0
                        }
                      ],
                      "sdc": [],
                      "sdd": [],
                      "sde": [],
                      "sdf": [],
                      "sdg": [],
                      "sdh": []
                    }
                  ],
                  "helpers": [
                    {
                      "devtmpfs_automount": true,
                      "distro": true,
                      "modules_dep": true,
                      "network": true,
                      "updatedb_disabled": true
                    }
                  ],
                  "kernel": "linode/grub2",
                  "label": "My Ubuntu 18.04 LTS Disk Profile",
                  "memory_limit": 0,
                  "root_device": "/dev/sda",
                  "run_level": "default",
                  "virt_mode": "paravirt"
                }
              ],
              "disk": [
                {
                  "authorized_keys": [],
                  "authorized_users": [],
                  "filesystem": "ext4",
                  "id": 71615073,
                  "image": "",
                  "label": "Ubuntu 18.04 LTS Disk",
                  "read_only": false,
                  "root_pass": "",
                  "size": 50688,
                  "stackscript_data": {},
                  "stackscript_id": 0
                },
                {
                  "authorized_keys": [],
                  "authorized_users": [],
                  "filesystem": "swap",
                  "id": 71615074,
                  "image": "",
                  "label": "512 MB Swap Image",
                  "read_only": false,
                  "root_pass": "",
                  "size": 512,
                  "stackscript_data": {},
                  "stackscript_id": 0
                }
              ],
              "group": "",
              "id": "35619366",
              "image": "linode/ubuntu18.04",
              "ip_address": "192.46.219.15",
              "ipv4": [
                "192.46.219.15"
              ],
              "ipv6": "2600:3c00::f03c:93ff:fe9b:3273/128",
              "label": "zeigeist",
              "private_ip": false,
              "private_ip_address": null,
              "region": "us-central",
              "root_pass": "jjoNcNsFjEXef3EkUlh4D6dPgnVA6BqjZE2NIdDcehxJ4mMb3emXK+61OupW/i/g7Jmxqv/xMwb1oPzHHxg6zQ==",
              "specs": [
                {
                  "disk": 51200,
                  "memory": 2048,
                  "transfer": 2000,
                  "vcpus": 1
                }
              ],
              "stackscript_data": null,
              "stackscript_id": null,
              "status": "running",
              "swap_size": 512,
              "tags": null,
              "timeouts": null,
              "type": "g6-standard-1",
              "watchdog_enabled": true
            },
            "sensitive_attributes": [],
            "private": "eyJlMmJmYjczMC1lY2FhLTExZTYtOGY4OC0zNDM2M2JjN2M0YzAiOnsiY3JlYXRlIjo2MDAwMDAwMDAwMDAsImRlbGV0ZSI6NjAwMDAwMDAwMDAwLCJ1cGRhdGUiOjEyMDAwMDAwMDAwMDB9fQ=="
          }
        ]
      }
    ]
  }
  